
Microsoft Visual Studio Solution File, Format Version 12.00
# Visual Studio Version 17
VisualStudioVersion = 17.5.002.0
MinimumVisualStudioVersion = 10.0.40219.1
Project("{9A19103F-16F7-4668-BE54-9A1E7A4F7556}") = "Reservation", "Reservation\Reservation.csproj", "{7AB05EE1-1859-4467-AE36-4243C27098C9}"
EndProject
Global
	GlobalSection(SolutionConfigurationPlatforms) = preSolution
		Debug|Any CPU = Debug|Any CPU
		Release|Any CPU = Release|Any CPU
	EndGlobalSection
	GlobalSection(ProjectConfigurationPlatforms) = postSolution
		{7AB05EE1-1859-4467-AE36-4243C27098C9}.Debug|Any CPU.ActiveCfg = Debug|Any CPU
		{7AB05EE1-1859-4467-AE36-4243C27098C9}.Debug|Any CPU.Build.0 = Debug|Any CPU
		{7AB05EE1-1859-4467-AE36-4243C27098C9}.Release|Any CPU.ActiveCfg = Release|Any CPU
		{7AB05EE1-1859-4467-AE36-4243C27098C9}.Release|Any CPU.Build.0 = Release|Any CPU
	EndGlobalSection
	GlobalSection(SolutionProperties) = preSolution
		HideSolutionNode = FALSE
	EndGlobalSection
	GlobalSection(ExtensibilityGlobals) = postSolution
		SolutionGuid = {1409E697-1CE2-4742-9F63-22FFD7B3933F}
	EndGlobalSection
EndGlobal
